Microsoft Visual Studio Solution File, Format Version 12.00
# Visual Studio Version 18
VisualStudioVersion = 18.6.11819.183 stable
MinimumVisualStudioVersion = 10.0.40219.1
Project("{FAE04EC0-301F-11D3-BF4B-00C04F79EFBC}") = "Homelab.AppHost", "Homelab.AppHost\Homelab.AppHost.csproj", "{5B69C6BA-7E47-4ED6-A220-A43C67768558}"
EndProject
Project("{FAE04EC0-301F-11D3-BF4B-00C04F79EFBC}") = "Homelab.Tests", "Homelab.Tests\Homelab.Tests.csproj", "{8D7AF1FF-C8EC-B30D-25FF-EA7D81EB2EC1}"
EndProject
Project("{2150E333-8FDC-42A3-9474-1A3956D46DE8}") = "Common", "Common", "{02EA681E-C7D8-13C7-8484-4AC65E1B71E8}"
EndProject
Project("{2150E333-8FDC-42A3-9474-1A3956D46DE8}") = "ApiServices", "ApiServices", "{71EF1939-D64B-4AF5-8D2B-A3CFCF5653C1}"
EndProject
Project("{2150E333-8FDC-42A3-9474-1A3956D46DE8}") = "WebServices", "WebServices", "{8565579D-E167-4FED-8EA0-B854F768B878}"
EndProject
Project("{FAE04EC0-301F-11D3-BF4B-00C04F79EFBC}") = "Homelab.Web", "WebServices\Homelab.Web\Homelab.Web.csproj", "{5131DD4E-7916-3542-7A23-A9727B553FF1}"
EndProject
Project("{FAE04EC0-301F-11D3-BF4B-00C04F79EFBC}") = "Homelab.Web.Gateway", "WebServices\Homelab.Web.Gateway\Homelab.Web.Gateway.csproj", "{E918CD8D-1B7A-4742-1911-69A1F30CBCA1}"
EndProject
Project("{FAE04EC0-301F-11D3-BF4B-00C04F79EFBC}") = "Homelab.Web.Services", "WebServices\Homelab.Web.Services\Homelab.Web.Services.csproj", "{B1418833-0298-CFB9-78FB-550DCAF12E95}"
EndProject
Project("{FAE04EC0-301F-11D3-BF4B-00C04F79EFBC}") = "Homelab.Domain", "Common\Homelab.Domain\Homelab.Domain.csproj", "{7C03582A-6862-90DC-0A48-4AA3878F8283}"
EndProject
Project("{FAE04EC0-301F-11D3-BF4B-00C04F79EFBC}") = "Homelab.ServiceDefaults", "Common\Homelab.ServiceDefaults\Homelab.ServiceDefaults.csproj", "{C09DA01E-8756-7E63-D33D-88F4520B390D}"
EndProject
Project("{FAE04EC0-301F-11D3-BF4B-00C04F79EFBC}") = "Homelab.Api", "ApiServices\Homelab.Api\Homelab.Api.csproj", "{AA183B58-1337-E59C-E52B-27A75435FB11}"
EndProject
Project("{FAE04EC0-301F-11D3-BF4B-00C04F79EFBC}") = "Homelab.Api.Services", "ApiServices\Homelab.Api.Services\Homelab.Api.Services.csproj", "{1CCAA2A8-999D-CEA9-E712-0941BDBD980D}"
EndProject
Project("{FAE04EC0-301F-11D3-BF4B-00C04F79EFBC}") = "Homelab.Api.Ef", "ApiServices\Homelab.Api.Ef\Homelab.Api.Ef.csproj", "{749FF461-F6D9-41B7-947A-72A7027DEB9B}"
EndProject
Global
	GlobalSection(SolutionConfigurationPlatforms) = preSolution
		Debug|Any CPU = Debug|Any CPU
		Release|Any CPU = Release|Any CPU
	EndGlobalSection
	GlobalSection(ProjectConfigurationPlatforms) = postSolution
		{5B69C6BA-7E47-4ED6-A220-A43C67768558}.Debug|Any CPU.ActiveCfg = Debug|Any CPU
		{5B69C6BA-7E47-4ED6-A220-A43C67768558}.Debug|Any CPU.Build.0 = Debug|Any CPU
		{5B69C6BA-7E47-4ED6-A220-A43C67768558}.Release|Any CPU.ActiveCfg = Release|Any CPU
		{5B69C6BA-7E47-4ED6-A220-A43C67768558}.Release|Any CPU.Build.0 = Release|Any CPU
		{8D7AF1FF-C8EC-B30D-25FF-EA7D81EB2EC1}.Debug|Any CPU.ActiveCfg = Debug|Any CPU
		{8D7AF1FF-C8EC-B30D-25FF-EA7D81EB2EC1}.Debug|Any CPU.Build.0 = Debug|Any CPU
		{8D7AF1FF-C8EC-B30D-25FF-EA7D81EB2EC1}.Release|Any CPU.ActiveCfg = Release|Any CPU
		{8D7AF1FF-C8EC-B30D-25FF-EA7D81EB2EC1}.Release|Any CPU.Build.0 = Release|Any CPU
		{5131DD4E-7916-3542-7A23-A9727B553FF1}.Debug|Any CPU.ActiveCfg = Debug|Any CPU
		{5131DD4E-7916-3542-7A23-A9727B553FF1}.Debug|Any CPU.Build.0 = Debug|Any CPU
		{5131DD4E-7916-3542-7A23-A9727B553FF1}.Release|Any CPU.ActiveCfg = Release|Any CPU
		{5131DD4E-7916-3542-7A23-A9727B553FF1}.Release|Any CPU.Build.0 = Release|Any CPU
		{E918CD8D-1B7A-4742-1911-69A1F30CBCA1}.Debug|Any CPU.ActiveCfg = Debug|Any CPU
		{E918CD8D-1B7A-4742-1911-69A1F30CBCA1}.Debug|Any CPU.Build.0 = Debug|Any CPU
		{E918CD8D-1B7A-4742-1911-69A1F30CBCA1}.Release|Any CPU.ActiveCfg = Release|Any CPU
		{E918CD8D-1B7A-4742-1911-69A1F30CBCA1}.Release|Any CPU.Build.0 = Release|Any CPU
		{B1418833-0298-CFB9-78FB-550DCAF12E95}.Debug|Any CPU.ActiveCfg = Debug|Any CPU
		{B1418833-0298-CFB9-78FB-550DCAF12E95}.Debug|Any CPU.Build.0 = Debug|Any CPU
		{B1418833-0298-CFB9-78FB-550DCAF12E95}.Release|Any CPU.ActiveCfg = Release|Any CPU
		{B1418833-0298-CFB9-78FB-550DCAF12E95}.Release|Any CPU.Build.0 = Release|Any CPU
		{7C03582A-6862-90DC-0A48-4AA3878F8283}.Debug|Any CPU.ActiveCfg = Debug|Any CPU
		{7C03582A-6862-90DC-0A48-4AA3878F8283}.Debug|Any CPU.Build.0 = Debug|Any CPU
		{7C03582A-6862-90DC-0A48-4AA3878F8283}.Release|Any CPU.ActiveCfg = Release|Any CPU
		{7C03582A-6862-90DC-0A48-4AA3878F8283}.Release|Any CPU.Build.0 = Release|Any CPU
		{C09DA01E-8756-7E63-D33D-88F4520B390D}.Debug|Any CPU.ActiveCfg = Debug|Any CPU
		{C09DA01E-8756-7E63-D33D-88F4520B390D}.Debug|Any CPU.Build.0 = Debug|Any CPU
		{C09DA01E-8756-7E63-D33D-88F4520B390D}.Release|Any CPU.ActiveCfg = Release|Any CPU
		{C09DA01E-8756-7E63-D33D-88F4520B390D}.Release|Any CPU.Build.0 = Release|Any CPU
		{AA183B58-1337-E59C-E52B-27A75435FB11}.Debug|Any CPU.ActiveCfg = Debug|Any CPU
		{AA183B58-1337-E59C-E52B-27A75435FB11}.Debug|Any CPU.Build.0 = Debug|Any CPU
		{AA183B58-1337-E59C-E52B-27A75435FB11}.Release|Any CPU.ActiveCfg = Release|Any CPU
		{AA183B58-1337-E59C-E52B-27A75435FB11}.Release|Any CPU.Build.0 = Release|Any CPU
		{1CCAA2A8-999D-CEA9-E712-0941BDBD980D}.Debug|Any CPU.ActiveCfg = Debug|Any CPU
		{1CCAA2A8-999D-CEA9-E712-0941BDBD980D}.Debug|Any CPU.Build.0 = Debug|Any CPU
		{1CCAA2A8-999D-CEA9-E712-0941BDBD980D}.Release|Any CPU.ActiveCfg = Release|Any CPU
		{1CCAA2A8-999D-CEA9-E712-0941BDBD980D}.Release|Any CPU.Build.0 = Release|Any CPU
		{749FF461-F6D9-41B7-947A-72A7027DEB9B}.Debug|Any CPU.ActiveCfg = Debug|Any CPU
		{749FF461-F6D9-41B7-947A-72A7027DEB9B}.Debug|Any CPU.Build.0 = Debug|Any CPU
		{749FF461-F6D9-41B7-947A-72A7027DEB9B}.Release|Any CPU.ActiveCfg = Release|Any CPU
		{749FF461-F6D9-41B7-947A-72A7027DEB9B}.Release|Any CPU.Build.0 = Release|Any CPU
	EndGlobalSection
	GlobalSection(SolutionProperties) = preSolution
		HideSolutionNode = FALSE
	EndGlobalSection
	GlobalSection(NestedProjects) = preSolution
		{5131DD4E-7916-3542-7A23-A9727B553FF1} = {8565579D-E167-4FED-8EA0-B854F768B878}
		{E918CD8D-1B7A-4742-1911-69A1F30CBCA1} = {8565579D-E167-4FED-8EA0-B854F768B878}
		{B1418833-0298-CFB9-78FB-550DCAF12E95} = {8565579D-E167-4FED-8EA0-B854F768B878}
		{7C03582A-6862-90DC-0A48-4AA3878F8283} = {02EA681E-C7D8-13C7-8484-4AC65E1B71E8}
		{C09DA01E-8756-7E63-D33D-88F4520B390D} = {02EA681E-C7D8-13C7-8484-4AC65E1B71E8}
		{AA183B58-1337-E59C-E52B-27A75435FB11} = {71EF1939-D64B-4AF5-8D2B-A3CFCF5653C1}
		{1CCAA2A8-999D-CEA9-E712-0941BDBD980D} = {71EF1939-D64B-4AF5-8D2B-A3CFCF5653C1}
		{749FF461-F6D9-41B7-947A-72A7027DEB9B} = {71EF1939-D64B-4AF5-8D2B-A3CFCF5653C1}
	EndGlobalSection
	GlobalSection(ExtensibilityGlobals) = postSolution
		SolutionGuid = {F957AFAD-418C-4F5B-B134-D3096B8CED95}
	EndGlobalSection
EndGlobal
